lockfileVersion: '9.0'

settings:
  autoInstallPeers: true
  excludeLinksFromLockfile: false

importers:

  .:
    dependencies:
      nodemailer:
        specifier: ^6.9.13
        version: 6.9.14
    devDependencies:
      '@types/nodemailer':
        specifier: ^6.4.15
        version: 6.4.15

packages:

  '@types/node@22.2.0':
    resolution: {integrity: sha512-bm6EG6/pCpkxDf/0gDNDdtDILMOHgaQBVOJGdwsqClnxA3xL6jtMv76rLBc006RVMWbmaf0xbmom4Z/5o2nRkQ==}

  '@types/nodemailer@6.4.15':
    resolution: {integrity: sha512-0EBJxawVNjPkng1zm2vopRctuWVCxk34JcIlRuXSf54habUWdz1FB7wHDqOqvDa8Mtpt0Q3LTXQkAs2LNyK5jQ==}

  nodemailer@6.9.14:
    resolution: {integrity: sha512-Dobp/ebDKBvz91sbtRKhcznLThrKxKt97GI2FAlAyy+fk19j73Uz3sBXolVtmcXjaorivqsbbbjDY+Jkt4/bQA==}
    engines: {node: '>=6.0.0'}

  undici-types@6.13.0:
    resolution: {integrity: sha512-xtFJHudx8S2DSoujjMd1WeWvn7KKWFRESZTMeL1RptAYERu29D6jphMjjY+vn96jvN3kVPDNxU/E13VTaXj6jg==}

snapshots:

  '@types/node@22.2.0':
    dependencies:
      undici-types: 6.13.0

  '@types/nodemailer@6.4.15':
    dependencies:
      '@types/node': 22.2.0

  nodemailer@6.9.14: {}

  undici-types@6.13.0: {}
